
Microsoft Visual Studio Solution File, Format Version 12.00
# Visual Studio Version 17
VisualStudioVersion = 17.14.36429.23 d17.14
MinimumVisualStudioVersion = 10.0.40219.1
Project("{2150E333-8FDC-42A3-9474-1A3956D46DE8}") = "Task0", "Task0", "{02EA681E-C7D8-13C7-8484-4AC65E1B71E8}"
EndProject
Project("{FAE04EC0-301F-11D3-BF4B-00C04F79EFBC}") = "Tyuiu.AkopovaLV.Sprint1.Task0.V20", "Tyuiu.AkopovaLV.Sprint1.Task0.V20\Tyuiu.AkopovaLV.Sprint1.Task0.V20.csproj", "{B3DD06FA-1832-4E18-B2B1-D13BE959328E}"
EndProject
Project("{FAE04EC0-301F-11D3-BF4B-00C04F79EFBC}") = "Tyuiu.AkopovaLV.Sprint1.Task0.V20.Lib", "Tyuiu.AkopovaLV.Sprint1.Task0.V20.Lib\Tyuiu.AkopovaLV.Sprint1.Task0.V20.Lib.csproj", "{408FAA3E-C677-4C60-92D7-7F59EB9F40F8}"
EndProject
Project("{FAE04EC0-301F-11D3-BF4B-00C04F79EFBC}") = "Tyuiu.AkopovaLV.Sprint1.Task0.V20.Test", "Tyuiu.AkopovaLV.Sprint1.Task0.V20.Test\Tyuiu.AkopovaLV.Sprint1.Task0.V20.Test.csproj", "{031028BD-6F5C-47DF-90A7-294E99BF89C0}"
EndProject
Project("{2150E333-8FDC-42A3-9474-1A3956D46DE8}") = "Task1", "Task1", "{15650FF7-0CE5-4188-8EEC-B056D9002DBD}"
EndProject
Project("{FAE04EC0-301F-11D3-BF4B-00C04F79EFBC}") = "Tyuiu.AkopovaLV.Sprint1.Task1.V6", "Tyuiu.AkopovaLV.Sprint1.Task1.V6\Tyuiu.AkopovaLV.Sprint1.Task1.V6.csproj", "{ECA61DDE-5971-49DB-B590-55641C4B63B6}"
EndProject
Project("{FAE04EC0-301F-11D3-BF4B-00C04F79EFBC}") = "Tyuiu.AkopovaLV.Sprint1.Task1.V6.Lib", "Tyuiu.AkopovaLV.Sprint1.Task1.V6.Lib\Tyuiu.AkopovaLV.Sprint1.Task1.V6.Lib.csproj", "{F9FDE44D-F3C9-43F3-8535-902D0A68EFA6}"
EndProject
Project("{FAE04EC0-301F-11D3-BF4B-00C04F79EFBC}") = "Tyuiu.AkopovaLV.Sprint1.Task1.V6.Test", "Tyuiu.AkopovaLV.Sprint1.Task1.V6.Test\Tyuiu.AkopovaLV.Sprint1.Task1.V6.Test.csproj", "{6B2ED022-0DE3-4A42-A6D1-F47929DAFD3B}"
EndProject
Project("{2150E333-8FDC-42A3-9474-1A3956D46DE8}") = "Task2", "Task2", "{0B636A74-472D-40B9-A7CA-54D53473F866}"
EndProject
Project("{FAE04EC0-301F-11D3-BF4B-00C04F79EFBC}") = "Tyuiu.AkopovaLV.Sprint1.Task2.V17", "Tyuiu.AkopovaLV.Sprint1.Task2.V17\Tyuiu.AkopovaLV.Sprint1.Task2.V17.csproj", "{4080A1B8-D734-4062-8B3C-8CF51CF5562A}"
EndProject
Project("{FAE04EC0-301F-11D3-BF4B-00C04F79EFBC}") = "Tyuiu.AkopovaLV.Sprint1.Task2.V17.Lib", "Tyuiu.AkopovaLV.Sprint1.Task2.V17.Lib\Tyuiu.AkopovaLV.Sprint1.Task2.V17.Lib.csproj", "{86FC7E82-C34A-48C0-A762-494FC209B3C1}"
EndProject
Project("{FAE04EC0-301F-11D3-BF4B-00C04F79EFBC}") = "Tyuiu.AkopovaLV.Sprint1.Task2.V17.Test", "Tyuiu.AkopovaLV.Sprint1.Task2.V17.Test\Tyuiu.AkopovaLV.Sprint1.Task2.V17.Test.csproj", "{377A8496-CF13-4A36-83C6-1C305B702D62}"
EndProject
Project("{2150E333-8FDC-42A3-9474-1A3956D46DE8}") = "Task3", "Task3", "{1B06BD7C-D3D2-4859-8FA9-67921C7C0B04}"
EndProject
Project("{FAE04EC0-301F-11D3-BF4B-00C04F79EFBC}") = "Tyuiu.AkopovaLV.Sprint1.Task3.V10", "Tyuiu.AkopovaLV.Sprint1.Task3.V10\Tyuiu.AkopovaLV.Sprint1.Task3.V10.csproj", "{18263052-5C07-44E5-9543-A6E1164848D5}"
EndProject
Project("{FAE04EC0-301F-11D3-BF4B-00C04F79EFBC}") = "Tyuiu.AkopovaLV.Sprint1.Task3.V10.Lib", "Tyuiu.AkopovaLV.Sprint1.Task3.V10.Lib\Tyuiu.AkopovaLV.Sprint1.Task3.V10.Lib.csproj", "{C7A23059-CD22-49F5-BD98-1520B5050624}"
EndProject
Project("{FAE04EC0-301F-11D3-BF4B-00C04F79EFBC}") = "Tyuiu.AkopovaLV.Sprint1.Task3.V10.Test", "Tyuiu.AkopovaLV.Sprint1.Task3.V10.Test\Tyuiu.AkopovaLV.Sprint1.Task3.V10.Test.csproj", "{B69E117A-9026-4E52-B0E1-A729EBB5FAEA}"
EndProject
Project("{2150E333-8FDC-42A3-9474-1A3956D46DE8}") = "Task4", "Task4", "{638FBEC9-2A76-45A8-9245-A76537642686}"
EndProject
Project("{FAE04EC0-301F-11D3-BF4B-00C04F79EFBC}") = "Tyuiu.AkopovaLV.Sprint1.Task4.V7", "Tyuiu.AkopovaLV.Sprint1.Task4.V7\Tyuiu.AkopovaLV.Sprint1.Task4.V7.csproj", "{E7E94308-5CFF-48F1-A549-AB572665E5DA}"
EndProject
Project("{FAE04EC0-301F-11D3-BF4B-00C04F79EFBC}") = "Tyuiu.AkopovaLV.Sprint1.Task4.V7.Lib", "Tyuiu.AkopovaLV.Sprint1.Task4.V7.Lib\Tyuiu.AkopovaLV.Sprint1.Task4.V7.Lib.csproj", "{2CDDA6CD-D2F3-41D1-A992-5F1C7E6473B0}"
EndProject
Project("{FAE04EC0-301F-11D3-BF4B-00C04F79EFBC}") = "Tyuiu.AkopovaLV.Sprint1.Task4.V7.Test", "Tyuiu.AkopovaLV.Sprint1.Task4.V7.Test\Tyuiu.AkopovaLV.Sprint1.Task4.V7.Test.csproj", "{6A4A3E36-3D11-4B45-9A0F-B758AF416463}"
EndProject
Project("{2150E333-8FDC-42A3-9474-1A3956D46DE8}") = "Task5", "Task5", "{243DC717-9759-4CB1-B72E-AAFD6A27AE67}"
EndProject
Project("{FAE04EC0-301F-11D3-BF4B-00C04F79EFBC}") = "Tyuiu.AkopovaLV.Sprint1.Task5.V7", "Tyuiu.AkopovaLV.Sprint1.Task5.V7\Tyuiu.AkopovaLV.Sprint1.Task5.V7.csproj", "{7FEC4070-4307-4DCC-9044-3DACF8A36BB0}"
EndProject
Project("{FAE04EC0-301F-11D3-BF4B-00C04F79EFBC}") = "Tyuiu.AkopovaLV.Sprint1.Task5.V7.Lib", "Tyuiu.AkopovaLV.Sprint1.Task5.V7.Lib\Tyuiu.AkopovaLV.Sprint1.Task5.V7.Lib.csproj", "{36D444A8-8CA1-4B34-B3CB-7B960348D987}"
EndProject
Project("{FAE04EC0-301F-11D3-BF4B-00C04F79EFBC}") = "Tyuiu.AkopovaLV.Sprint1.Task5.V7.Test", "Tyuiu.AkopovaLV.Sprint1.Task5.V7.Test\Tyuiu.AkopovaLV.Sprint1.Task5.V7.Test.csproj", "{E0089B63-9531-43A9-8D3A-55CE83C29964}"
EndProject
Global
	GlobalSection(SolutionConfigurationPlatforms) = preSolution
		Debug|Any CPU = Debug|Any CPU
		Release|Any CPU = Release|Any CPU
	EndGlobalSection
	GlobalSection(ProjectConfigurationPlatforms) = postSolution
		{B3DD06FA-1832-4E18-B2B1-D13BE959328E}.Debug|Any CPU.ActiveCfg = Debug|Any CPU
		{B3DD06FA-1832-4E18-B2B1-D13BE959328E}.Debug|Any CPU.Build.0 = Debug|Any CPU
		{B3DD06FA-1832-4E18-B2B1-D13BE959328E}.Release|Any CPU.ActiveCfg = Release|Any CPU
		{B3DD06FA-1832-4E18-B2B1-D13BE959328E}.Release|Any CPU.Build.0 = Release|Any CPU
		{408FAA3E-C677-4C60-92D7-7F59EB9F40F8}.Debug|Any CPU.ActiveCfg = Debug|Any CPU
		{408FAA3E-C677-4C60-92D7-7F59EB9F40F8}.Debug|Any CPU.Build.0 = Debug|Any CPU
		{408FAA3E-C677-4C60-92D7-7F59EB9F40F8}.Release|Any CPU.ActiveCfg = Release|Any CPU
		{408FAA3E-C677-4C60-92D7-7F59EB9F40F8}.Release|Any CPU.Build.0 = Release|Any CPU
		{031028BD-6F5C-47DF-90A7-294E99BF89C0}.Debug|Any CPU.ActiveCfg = Debug|Any CPU
		{031028BD-6F5C-47DF-90A7-294E99BF89C0}.Debug|Any CPU.Build.0 = Debug|Any CPU
		{031028BD-6F5C-47DF-90A7-294E99BF89C0}.Release|Any CPU.ActiveCfg = Release|Any CPU
		{031028BD-6F5C-47DF-90A7-294E99BF89C0}.Release|Any CPU.Build.0 = Release|Any CPU
		{ECA61DDE-5971-49DB-B590-55641C4B63B6}.Debug|Any CPU.ActiveCfg = Debug|Any CPU
		{ECA61DDE-5971-49DB-B590-55641C4B63B6}.Debug|Any CPU.Build.0 = Debug|Any CPU
		{ECA61DDE-5971-49DB-B590-55641C4B63B6}.Release|Any CPU.ActiveCfg = Release|Any CPU
		{ECA61DDE-5971-49DB-B590-55641C4B63B6}.Release|Any CPU.Build.0 = Release|Any CPU
		{F9FDE44D-F3C9-43F3-8535-902D0A68EFA6}.Debug|Any CPU.ActiveCfg = Debug|Any CPU
		{F9FDE44D-F3C9-43F3-8535-902D0A68EFA6}.Debug|Any CPU.Build.0 = Debug|Any CPU
		{F9FDE44D-F3C9-43F3-8535-902D0A68EFA6}.Release|Any CPU.ActiveCfg = Release|Any CPU
		{F9FDE44D-F3C9-43F3-8535-902D0A68EFA6}.Release|Any CPU.Build.0 = Release|Any CPU
		{6B2ED022-0DE3-4A42-A6D1-F47929DAFD3B}.Debug|Any CPU.ActiveCfg = Debug|Any CPU
		{6B2ED022-0DE3-4A42-A6D1-F47929DAFD3B}.Debug|Any CPU.Build.0 = Debug|Any CPU
		{6B2ED022-0DE3-4A42-A6D1-F47929DAFD3B}.Release|Any CPU.ActiveCfg = Release|Any CPU
		{6B2ED022-0DE3-4A42-A6D1-F47929DAFD3B}.Release|Any CPU.Build.0 = Release|Any CPU
		{4080A1B8-D734-4062-8B3C-8CF51CF5562A}.Debug|Any CPU.ActiveCfg = Debug|Any CPU
		{4080A1B8-D734-4062-8B3C-8CF51CF5562A}.Debug|Any CPU.Build.0 = Debug|Any CPU
		{4080A1B8-D734-4062-8B3C-8CF51CF5562A}.Release|Any CPU.ActiveCfg = Release|Any CPU
		{4080A1B8-D734-4062-8B3C-8CF51CF5562A}.Release|Any CPU.Build.0 = Release|Any CPU
		{86FC7E82-C34A-48C0-A762-494FC209B3C1}.Debug|Any CPU.ActiveCfg = Debug|Any CPU
		{86FC7E82-C34A-48C0-A762-494FC209B3C1}.Debug|Any CPU.Build.0 = Debug|Any CPU
		{86FC7E82-C34A-48C0-A762-494FC209B3C1}.Release|Any CPU.ActiveCfg = Release|Any CPU
		{86FC7E82-C34A-48C0-A762-494FC209B3C1}.Release|Any CPU.Build.0 = Release|Any CPU
		{377A8496-CF13-4A36-83C6-1C305B702D62}.Debug|Any CPU.ActiveCfg = Debug|Any CPU
		{377A8496-CF13-4A36-83C6-1C305B702D62}.Debug|Any CPU.Build.0 = Debug|Any CPU
		{377A8496-CF13-4A36-83C6-1C305B702D62}.Release|Any CPU.ActiveCfg = Release|Any CPU
		{377A8496-CF13-4A36-83C6-1C305B702D62}.Release|Any CPU.Build.0 = Release|Any CPU
		{18263052-5C07-44E5-9543-A6E1164848D5}.Debug|Any CPU.ActiveCfg = Debug|Any CPU
		{18263052-5C07-44E5-9543-A6E1164848D5}.Debug|Any CPU.Build.0 = Debug|Any CPU
		{18263052-5C07-44E5-9543-A6E1164848D5}.Release|Any CPU.ActiveCfg = Release|Any CPU
		{18263052-5C07-44E5-9543-A6E1164848D5}.Release|Any CPU.Build.0 = Release|Any CPU
		{C7A23059-CD22-49F5-BD98-1520B5050624}.Debug|Any CPU.ActiveCfg = Debug|Any CPU
		{C7A23059-CD22-49F5-BD98-1520B5050624}.Debug|Any CPU.Build.0 = Debug|Any CPU
		{C7A23059-CD22-49F5-BD98-1520B5050624}.Release|Any CPU.ActiveCfg = Release|Any CPU
		{C7A23059-CD22-49F5-BD98-1520B5050624}.Release|Any CPU.Build.0 = Release|Any CPU
		{B69E117A-9026-4E52-B0E1-A729EBB5FAEA}.Debug|Any CPU.ActiveCfg = Debug|Any CPU
		{B69E117A-9026-4E52-B0E1-A729EBB5FAEA}.Debug|Any CPU.Build.0 = Debug|Any CPU
		{B69E117A-9026-4E52-B0E1-A729EBB5FAEA}.Release|Any CPU.ActiveCfg = Release|Any CPU
		{B69E117A-9026-4E52-B0E1-A729EBB5FAEA}.Release|Any CPU.Build.0 = Release|Any CPU
		{E7E94308-5CFF-48F1-A549-AB572665E5DA}.Debug|Any CPU.ActiveCfg = Debug|Any CPU
		{E7E94308-5CFF-48F1-A549-AB572665E5DA}.Debug|Any CPU.Build.0 = Debug|Any CPU
		{E7E94308-5CFF-48F1-A549-AB572665E5DA}.Release|Any CPU.ActiveCfg = Release|Any CPU
		{E7E94308-5CFF-48F1-A549-AB572665E5DA}.Release|Any CPU.Build.0 = Release|Any CPU
		{2CDDA6CD-D2F3-41D1-A992-5F1C7E6473B0}.Debug|Any CPU.ActiveCfg = Debug|Any CPU
		{2CDDA6CD-D2F3-41D1-A992-5F1C7E6473B0}.Debug|Any CPU.Build.0 = Debug|Any CPU
		{2CDDA6CD-D2F3-41D1-A992-5F1C7E6473B0}.Release|Any CPU.ActiveCfg = Release|Any CPU
		{2CDDA6CD-D2F3-41D1-A992-5F1C7E6473B0}.Release|Any CPU.Build.0 = Release|Any CPU
		{6A4A3E36-3D11-4B45-9A0F-B758AF416463}.Debug|Any CPU.ActiveCfg = Debug|Any CPU
		{6A4A3E36-3D11-4B45-9A0F-B758AF416463}.Debug|Any CPU.Build.0 = Debug|Any CPU
		{6A4A3E36-3D11-4B45-9A0F-B758AF416463}.Release|Any CPU.ActiveCfg = Release|Any CPU
		{6A4A3E36-3D11-4B45-9A0F-B758AF416463}.Release|Any CPU.Build.0 = Release|Any CPU
		{7FEC4070-4307-4DCC-9044-3DACF8A36BB0}.Debug|Any CPU.ActiveCfg = Debug|Any CPU
		{7FEC4070-4307-4DCC-9044-3DACF8A36BB0}.Debug|Any CPU.Build.0 = Debug|Any CPU
		{7FEC4070-4307-4DCC-9044-3DACF8A36BB0}.Release|Any CPU.ActiveCfg = Release|Any CPU
		{7FEC4070-4307-4DCC-9044-3DACF8A36BB0}.Release|Any CPU.Build.0 = Release|Any CPU
		{36D444A8-8CA1-4B34-B3CB-7B960348D987}.Debug|Any CPU.ActiveCfg = Debug|Any CPU
		{36D444A8-8CA1-4B34-B3CB-7B960348D987}.Debug|Any CPU.Build.0 = Debug|Any CPU
		{36D444A8-8CA1-4B34-B3CB-7B960348D987}.Release|Any CPU.ActiveCfg = Release|Any CPU
		{36D444A8-8CA1-4B34-B3CB-7B960348D987}.Release|Any CPU.Build.0 = Release|Any CPU
		{E0089B63-9531-43A9-8D3A-55CE83C29964}.Debug|Any CPU.ActiveCfg = Debug|Any CPU
		{E0089B63-9531-43A9-8D3A-55CE83C29964}.Debug|Any CPU.Build.0 = Debug|Any CPU
		{E0089B63-9531-43A9-8D3A-55CE83C29964}.Release|Any CPU.ActiveCfg = Release|Any CPU
		{E0089B63-9531-43A9-8D3A-55CE83C29964}.Release|Any CPU.Build.0 = Release|Any CPU
	EndGlobalSection
	GlobalSection(SolutionProperties) = preSolution
		HideSolutionNode = FALSE
	EndGlobalSection
	GlobalSection(NestedProjects) = preSolution
		{B3DD06FA-1832-4E18-B2B1-D13BE959328E} = {02EA681E-C7D8-13C7-8484-4AC65E1B71E8}
		{408FAA3E-C677-4C60-92D7-7F59EB9F40F8} = {02EA681E-C7D8-13C7-8484-4AC65E1B71E8}
		{031028BD-6F5C-47DF-90A7-294E99BF89C0} = {02EA681E-C7D8-13C7-8484-4AC65E1B71E8}
		{ECA61DDE-5971-49DB-B590-55641C4B63B6} = {15650FF7-0CE5-4188-8EEC-B056D9002DBD}
		{F9FDE44D-F3C9-43F3-8535-902D0A68EFA6} = {15650FF7-0CE5-4188-8EEC-B056D9002DBD}
		{6B2ED022-0DE3-4A42-A6D1-F47929DAFD3B} = {15650FF7-0CE5-4188-8EEC-B056D9002DBD}
		{4080A1B8-D734-4062-8B3C-8CF51CF5562A} = {0B636A74-472D-40B9-A7CA-54D53473F866}
		{86FC7E82-C34A-48C0-A762-494FC209B3C1} = {0B636A74-472D-40B9-A7CA-54D53473F866}
		{377A8496-CF13-4A36-83C6-1C305B702D62} = {0B636A74-472D-40B9-A7CA-54D53473F866}
		{18263052-5C07-44E5-9543-A6E1164848D5} = {1B06BD7C-D3D2-4859-8FA9-67921C7C0B04}
		{C7A23059-CD22-49F5-BD98-1520B5050624} = {1B06BD7C-D3D2-4859-8FA9-67921C7C0B04}
		{B69E117A-9026-4E52-B0E1-A729EBB5FAEA} = {1B06BD7C-D3D2-4859-8FA9-67921C7C0B04}
		{E7E94308-5CFF-48F1-A549-AB572665E5DA} = {638FBEC9-2A76-45A8-9245-A76537642686}
		{2CDDA6CD-D2F3-41D1-A992-5F1C7E6473B0} = {638FBEC9-2A76-45A8-9245-A76537642686}
		{6A4A3E36-3D11-4B45-9A0F-B758AF416463} = {638FBEC9-2A76-45A8-9245-A76537642686}
		{7FEC4070-4307-4DCC-9044-3DACF8A36BB0} = {243DC717-9759-4CB1-B72E-AAFD6A27AE67}
		{36D444A8-8CA1-4B34-B3CB-7B960348D987} = {243DC717-9759-4CB1-B72E-AAFD6A27AE67}
		{E0089B63-9531-43A9-8D3A-55CE83C29964} = {243DC717-9759-4CB1-B72E-AAFD6A27AE67}
	EndGlobalSection
	GlobalSection(ExtensibilityGlobals) = postSolution
		SolutionGuid = {3D864BE9-09A9-470D-9FFB-83985CB34B66}
	EndGlobalSection
EndGlobal
